// !$*UTF8*$!
{
	archiveVersion = 1;
	classes = {
	};
	objectVersion = 56;
	objects = {

/* Begin PBXBuildFile section */
		AD91A09229D3F15B0078C9A3 /* main.cpp in Sources */ = {isa = PBXBuildFile; fileRef = AD91A09129D3F15B0078C9A3 /* main.cpp */; };
		AD91A0A029D3F1D30078C9A3 /* DataWrapper.cpp in Sources */ = {isa = PBXBuildFile; fileRef = AD91A09B29D3F1D20078C9A3 /* DataWrapper.cpp */; };
		AD91A0A229D3F9E70078C9A3 /* SimpleFowardIterator.cpp in Sources */ = {isa = PBXBuildFile; fileRef = AD91A0A129D3F9E70078C9A3 /* SimpleFowardIterator.cpp */; };
		AD91A0A429D3FD520078C9A3 /* OrderingForwardIterator.cpp in Sources */ = {isa = PBXBuildFile; fileRef = AD91A0A329D3FD520078C9A3 /* OrderingForwardIterator.cpp */; };
/* End PBXBuildFile section */

/* Begin PBXCopyFilesBuildPhase section */
		AD91A08C29D3F15B0078C9A3 /* CopyFiles */ = {
			isa = PBXCopyFilesBuildPhase;
			buildActionMask = 2147483647;
			dstPath = /usr/share/man/man1/;
			dstSubfolderSpec = 0;
			files = (
			);
			runOnlyForDeploymentPostprocessing = 1;
		};
/* End PBXCopyFilesBuildPhase section */

/* Begin PBXFileReference section */
		AD91A08E29D3F15B0078C9A3 /* Lab05 */ = {isa = PBXFileReference; explicitFileType = "compiled.mach-o.executable"; includeInIndex = 0; path = Lab05; sourceTree = BUILT_PRODUCTS_DIR; };
		AD91A09129D3F15B0078C9A3 /* main.cpp */ = {isa = PBXFileReference; lastKnownFileType = sourcecode.cpp.cpp; path = main.cpp; sourceTree = "<group>"; };
		AD91A09829D3F1D20078C9A3 /* Data_1.txt */ = {isa = PBXFileReference; fileEncoding = 4; lastKnownFileType = text; path = Data_1.txt; sourceTree = "<group>"; };
		AD91A09929D3F1D20078C9A3 /* Data_3.txt */ = {isa = PBXFileReference; fileEncoding = 4; lastKnownFileType = text; path = Data_3.txt; sourceTree = "<group>"; };
		AD91A09A29D3F1D20078C9A3 /* SimpleForwardIterator.h */ = {isa = PBXFileReference; fileEncoding = 4; lastKnownFileType = sourcecode.c.h; path = SimpleForwardIterator.h; sourceTree = "<group>"; };
		AD91A09B29D3F1D20078C9A3 /* DataWrapper.cpp */ = {isa = PBXFileReference; fileEncoding = 4; lastKnownFileType = sourcecode.cpp.cpp; path = DataWrapper.cpp; sourceTree = "<group>"; };
		AD91A09C29D3F1D20078C9A3 /* Map.h */ = {isa = PBXFileReference; fileEncoding = 4; lastKnownFileType = sourcecode.c.h; path = Map.h; sourceTree = "<group>"; };
		AD91A09D29D3F1D20078C9A3 /* OrderingForwardIterator.h */ = {isa = PBXFileReference; fileEncoding = 4; lastKnownFileType = sourcecode.c.h; path = OrderingForwardIterator.h; sourceTree = "<group>"; };
		AD91A09E29D3F1D20078C9A3 /* Data_2.txt */ = {isa = PBXFileReference; fileEncoding = 4; lastKnownFileType = text; path = Data_2.txt; sourceTree = "<group>"; };
		AD91A09F29D3F1D20078C9A3 /* DataWrapper.h */ = {isa = PBXFileReference; fileEncoding = 4; lastKnownFileType = sourcecode.c.h; path = DataWrapper.h; sourceTree = "<group>"; };
		AD91A0A129D3F9E70078C9A3 /* SimpleFowardIterator.cpp */ = {isa = PBXFileReference; lastKnownFileType = sourcecode.cpp.cpp; path = SimpleFowardIterator.cpp; sourceTree = "<group>"; };
		AD91A0A329D3FD520078C9A3 /* OrderingForwardIterator.cpp */ = {isa = PBXFileReference; lastKnownFileType = sourcecode.cpp.cpp; path = OrderingForwardIterator.cpp; sourceTree = "<group>"; };
/* End PBXFileReference section */

/* Begin PBXFrameworksBuildPhase section */
		AD91A08B29D3F15B0078C9A3 /* Frameworks */ = {
			isa = PBXFrameworksBuildPhase;
			buildActionMask = 2147483647;
			files = (
			);
			runOnlyForDeploymentPostprocessing = 0;
		};
/* End PBXFrameworksBuildPhase section */

/* Begin PBXGroup section */
		AD91A08529D3F15B0078C9A3 = {
			isa = PBXGroup;
			children = (
				AD91A09029D3F15B0078C9A3 /* Lab05 */,
				AD91A08F29D3F15B0078C9A3 /* Products */,
			);
			sourceTree = "<group>";
		};
		AD91A08F29D3F15B0078C9A3 /* Products */ = {
			isa = PBXGroup;
			children = (
				AD91A08E29D3F15B0078C9A3 /* Lab05 */,
			);
			name = Products;
			sourceTree = "<group>";
		};
		AD91A09029D3F15B0078C9A3 /* Lab05 */ = {
			isa = PBXGroup;
			children = (
				AD91A09829D3F1D20078C9A3 /* Data_1.txt */,
				AD91A09E29D3F1D20078C9A3 /* Data_2.txt */,
				AD91A09929D3F1D20078C9A3 /* Data_3.txt */,
				AD91A09B29D3F1D20078C9A3 /* DataWrapper.cpp */,
				AD91A09F29D3F1D20078C9A3 /* DataWrapper.h */,
				AD91A09C29D3F1D20078C9A3 /* Map.h */,
				AD91A09D29D3F1D20078C9A3 /* OrderingForwardIterator.h */,
				AD91A0A329D3FD520078C9A3 /* OrderingForwardIterator.cpp */,
				AD91A09A29D3F1D20078C9A3 /* SimpleForwardIterator.h */,
				AD91A0A129D3F9E70078C9A3 /* SimpleFowardIterator.cpp */,
				AD91A09129D3F15B0078C9A3 /* main.cpp */,
			);
			path = Lab05;
			sourceTree = "<group>";
		};
/* End PBXGroup section */

/* Begin PBXNativeTarget section */
		AD91A08D29D3F15B0078C9A3 /* Lab05 */ = {
			isa = PBXNativeTarget;
			buildConfigurationList = AD91A09529D3F15B0078C9A3 /* Build configuration list for PBXNativeTarget "Lab05" */;
			buildPhases = (
				AD91A08A29D3F15B0078C9A3 /* Sources */,
				AD91A08B29D3F15B0078C9A3 /* Frameworks */,
				AD91A08C29D3F15B0078C9A3 /* CopyFiles */,
			);
			buildRules = (
			);
			dependencies = (
			);
			name = Lab05;
			productName = Lab05;
			productReference = AD91A08E29D3F15B0078C9A3 /* Lab05 */;
			productType = "com.apple.product-type.tool";
		};
/* End PBXNativeTarget section */

/* Begin PBXProject section */
		AD91A08629D3F15B0078C9A3 /* Project object */ = {
			isa = PBXProject;
			attributes = {
				BuildIndependentTargetsInParallel = 1;
				LastUpgradeCheck = 1410;
				TargetAttributes = {
					AD91A08D29D3F15B0078C9A3 = {
						CreatedOnToolsVersion = 14.1;
					};
				};
			};
			buildConfigurationList = AD91A08929D3F15B0078C9A3 /* Build configuration list for PBXProject "Lab05" */;
			compatibilityVersion = "Xcode 14.0";
			developmentRegion = en;
			hasScannedForEncodings = 0;
			knownRegions = (
				en,
				Base,
			);
			mainGroup = AD91A08529D3F15B0078C9A3;
			productRefGroup = AD91A08F29D3F15B0078C9A3 /* Products */;
			projectDirPath = "";
			projectRoot = "";
			targets = (
				AD91A08D29D3F15B0078C9A3 /* Lab05 */,
			);
		};
/* End PBXProject section */

/* Begin PBXSourcesBuildPhase section */
		AD91A08A29D3F15B0078C9A3 /* Sources */ = {
			isa = PBXSourcesBuildPhase;
			buildActionMask = 2147483647;
			files = (
				AD91A09229D3F15B0078C9A3 /* main.cpp in Sources */,
				AD91A0A429D3FD520078C9A3 /* OrderingForwardIterator.cpp in Sources */,
				AD91A0A029D3F1D30078C9A3 /* DataWrapper.cpp in Sources */,
				AD91A0A229D3F9E70078C9A3 /* SimpleFowardIterator.cpp in Sources */,
			);
			runOnlyForDeploymentPostprocessing = 0;
		};
/* End PBXSourcesBuildPhase section */

/* Begin XCBuildConfiguration section */
		AD91A09329D3F15B0078C9A3 /* Debug */ = {
			isa = XCBuildConfiguration;
			buildSettings = {
				ALWAYS_SEARCH_USER_PATHS = NO;
				CLANG_ANALYZER_NONNULL = YES;
				CLANG_ANALYZER_NUMBER_OBJECT_CONVERSION = YES_AGGRESSIVE;
				CLANG_CXX_LANGUAGE_STANDARD = "gnu++20";
				CLANG_ENABLE_MODULES = YES;
				CLANG_ENABLE_OBJC_ARC = YES;
				CLANG_ENABLE_OBJC_WEAK = YES;
				CLANG_WARN_BLOCK_CAPTURE_AUTORELEASING = YES;
				CLANG_WARN_BOOL_CONVERSION = YES;
				CLANG_WARN_COMMA = YES;
				CLANG_WARN_CONSTANT_CONVERSION = YES;
				CLANG_WARN_DEPRECATED_OBJC_IMPLEMENTATIONS = YES;
				CLANG_WARN_DIRECT_OBJC_ISA_USAGE = YES_ERROR;
				CLANG_WARN_DOCUMENTATION_COMMENTS = YES;
				CLANG_WARN_EMPTY_BODY = YES;
				CLANG_WARN_ENUM_CONVERSION = YES;
				CLANG_WARN_INFINITE_RECURSION = YES;
				CLANG_WARN_INT_CONVERSION = YES;
				CLANG_WARN_NON_LITERAL_NULL_CONVERSION = YES;
				CLANG_WARN_OBJC_IMPLICIT_RETAIN_SELF = YES;
				CLANG_WARN_OBJC_LITERAL_CONVERSION = YES;
				CLANG_WARN_OBJC_ROOT_CLASS = YES_ERROR;
				CLANG_WARN_QUOTED_INCLUDE_IN_FRAMEWORK_HEADER = YES;
				CLANG_WARN_RANGE_LOOP_ANALYSIS = YES;
				CLANG_WARN_STRICT_PROTOTYPES = YES;
				CLANG_WARN_SUSPICIOUS_MOVE = YES;
				CLANG_WARN_UNGUARDED_AVAILABILITY = YES_AGGRESSIVE;
				CLANG_WARN_UNREACHABLE_CODE = YES;
				CLANG_WARN__DUPLICATE_METHOD_MATCH = YES;
				COPY_PHASE_STRIP = NO;
				DEBUG_INFORMATION_FORMAT = dwarf;
				ENABLE_STRICT_OBJC_MSGSEND = YES;
				ENABLE_TESTABILITY = YES;
				GCC_C_LANGUAGE_STANDARD = gnu11;
				GCC_DYNAMIC_NO_PIC = NO;
				GCC_NO_COMMON_BLOCKS = YES;
				GCC_OPTIMIZATION_LEVEL = 0;
				GCC_PREPROCESSOR_DEFINITIONS = (
					"DEBUG=1",
					"$(inherited)",
				);
				GCC_WARN_64_TO_32_BIT_CONVERSION = YES;
				GCC_WARN_ABOUT_RETURN_TYPE = YES_ERROR;
				GCC_WARN_UNDECLARED_SELECTOR = YES;
				GCC_WARN_UNINITIALIZED_AUTOS = YES_AGGRESSIVE;
				GCC_WARN_UNUSED_FUNCTION = YES;
				GCC_WARN_UNUSED_VARIABLE = YES;
				MACOSX_DEPLOYMENT_TARGET = 13.0;
				MTL_ENABLE_DEBUG_INFO = INCLUDE_SOURCE;
				MTL_FAST_MATH = YES;
				ONLY_ACTIVE_ARCH = YES;
				SDKROOT = macosx;
			};
			name = Debug;
		};
		AD91A09429D3F15B0078C9A3 /* Release */ = {
			isa = XCBuildConfiguration;
			buildSettings = {
				ALWAYS_SEARCH_USER_PATHS = NO;
				CLANG_ANALYZER_NONNULL = YES;
				CLANG_ANALYZER_NUMBER_OBJECT_CONVERSION = YES_AGGRESSIVE;
				CLANG_CXX_LANGUAGE_STANDARD = "gnu++20";
				CLANG_ENABLE_MODULES = YES;
				CLANG_ENABLE_OBJC_ARC = YES;
				CLANG_ENABLE_OBJC_WEAK = YES;
				CLANG_WARN_BLOCK_CAPTURE_AUTORELEASING = YES;
				CLANG_WARN_BOOL_CONVERSION = YES;
				CLANG_WARN_COMMA = YES;
				CLANG_WARN_CONSTANT_CONVERSION = YES;
				CLANG_WARN_DEPRECATED_OBJC_IMPLEMENTATIONS = YES;
				CLANG_WARN_DIRECT_OBJC_ISA_USAGE = YES_ERROR;
				CLANG_WARN_DOCUMENTATION_COMMENTS = YES;
				CLANG_WARN_EMPTY_BODY = YES;
				CLANG_WARN_ENUM_CONVERSION = YES;
				CLANG_WARN_INFINITE_RECURSION = YES;
				CLANG_WARN_INT_CONVERSION = YES;
				CLANG_WARN_NON_LITERAL_NULL_CONVERSION = YES;
				CLANG_WARN_OBJC_IMPLICIT_RETAIN_SELF = YES;
				CLANG_WARN_OBJC_LITERAL_CONVERSION = YES;
				CLANG_WARN_OBJC_ROOT_CLASS = YES_ERROR;
				CLANG_WARN_QUOTED_INCLUDE_IN_FRAMEWORK_HEADER = YES;
				CLANG_WARN_RANGE_LOOP_ANALYSIS = YES;
				CLANG_WARN_STRICT_PROTOTYPES = YES;
				CLANG_WARN_SUSPICIOUS_MOVE = YES;
				CLANG_WARN_UNGUARDED_AVAILABILITY = YES_AGGRESSIVE;
				CLANG_WARN_UNREACHABLE_CODE = YES;
				CLANG_WARN__DUPLICATE_METHOD_MATCH = YES;
				COPY_PHASE_STRIP = NO;
				DEBUG_INFORMATION_FORMAT = "dwarf-with-dsym";
				ENABLE_NS_ASSERTIONS = NO;
				ENABLE_STRICT_OBJC_MSGSEND = YES;
				GCC_C_LANGUAGE_STANDARD = gnu11;
				GCC_NO_COMMON_BLOCKS = YES;
				GCC_WARN_64_TO_32_BIT_CONVERSION = YES;
				GCC_WARN_ABOUT_RETURN_TYPE = YES_ERROR;
				GCC_WARN_UNDECLARED_SELECTOR = YES;
				GCC_WARN_UNINITIALIZED_AUTOS = YES_AGGRESSIVE;
				GCC_WARN_UNUSED_FUNCTION = YES;
				GCC_WARN_UNUSED_VARIABLE = YES;
				MACOSX_DEPLOYMENT_TARGET = 13.0;
				MTL_ENABLE_DEBUG_INFO = NO;
				MTL_FAST_MATH = YES;
				SDKROOT = macosx;
			};
			name = Release;
		};
		AD91A09629D3F15B0078C9A3 /* Debug */ = {
			isa = XCBuildConfiguration;
			buildSettings = {
				CODE_SIGN_STYLE = Automatic;
				PRODUCT_NAME = "$(TARGET_NAME)";
			};
			name = Debug;
		};
		AD91A09729D3F15B0078C9A3 /* Release */ = {
			isa = XCBuildConfiguration;
			buildSettings = {
				CODE_SIGN_STYLE = Automatic;
				PRODUCT_NAME = "$(TARGET_NAME)";
			};
			name = Release;
		};
/* End XCBuildConfiguration section */

/* Begin XCConfigurationList section */
		AD91A08929D3F15B0078C9A3 /* Build configuration list for PBXProject "Lab05" */ = {
			isa = XCConfigurationList;
			buildConfigurations = (
				AD91A09329D3F15B0078C9A3 /* Debug */,
				AD91A09429D3F15B0078C9A3 /* Release */,
			);
			defaultConfigurationIsVisible = 0;
			defaultConfigurationName = Release;
		};
		AD91A09529D3F15B0078C9A3 /* Build configuration list for PBXNativeTarget "Lab05" */ = {
			isa = XCConfigurationList;
			buildConfigurations = (
				AD91A09629D3F15B0078C9A3 /* Debug */,
				AD91A09729D3F15B0078C9A3 /* Release */,
			);
			defaultConfigurationIsVisible = 0;
			defaultConfigurationName = Release;
		};
/* End XCConfigurationList section */
	};
	rootObject = AD91A08629D3F15B0078C9A3 /* Project object */;
}
